// !$*UTF8*$!
{
	archiveVersion = 1;
	classes = {
	};
	objectVersion = 56;
	objects = {

/* Begin PBXBuildFile section */
		5655F3F029EC6CE300BF1B1F /* Lottie in Frameworks */ = {isa = PBXBuildFile; productRef = 5655F3EF29EC6CE300BF1B1F /* Lottie */; };
		5667C1CC29E5F02C00A56B27 /* AppDelegate.swift in Sources */ = {isa = PBXBuildFile; fileRef = 5667C1CB29E5F02C00A56B27 /* AppDelegate.swift */; };
		5667C1CE29E5F02C00A56B27 /* SceneDelegate.swift in Sources */ = {isa = PBXBuildFile; fileRef = 5667C1CD29E5F02C00A56B27 /* SceneDelegate.swift */; };
		5667C1D529E5F02E00A56B27 /* Assets.xcassets in Resources */ = {isa = PBXBuildFile; fileRef = 5667C1D429E5F02E00A56B27 /* Assets.xcassets */; };
		5667C1D829E5F02E00A56B27 /* LaunchScreen.storyboard in Resources */ = {isa = PBXBuildFile; fileRef = 5667C1D629E5F02E00A56B27 /* LaunchScreen.storyboard */; };
		5682447829EB7F5B007778EE /* Billabong.ttf in Resources */ = {isa = PBXBuildFile; fileRef = 5682447729EB7F5B007778EE /* Billabong.ttf */; };
		56A3816429ECFD0D00691A79 /* 94436-cooking-animation.json in Resources */ = {isa = PBXBuildFile; fileRef = 56A3816329ECFD0D00691A79 /* 94436-cooking-animation.json */; };
		56A3816629ECFEB900691A79 /* 14970-splash-screen-coocking-app.json in Resources */ = {isa = PBXBuildFile; fileRef = 56A3816529ECFEB900691A79 /* 14970-splash-screen-coocking-app.json */; };
		56A3816829ED011400691A79 /* 120972-chef.json in Resources */ = {isa = PBXBuildFile; fileRef = 56A3816729ED011400691A79 /* 120972-chef.json */; };
		56A3816A29ED011B00691A79 /* 14972-scoll-loading.json in Resources */ = {isa = PBXBuildFile; fileRef = 56A3816929ED011B00691A79 /* 14972-scoll-loading.json */; };
		56C401B029E74FBF00D3FE88 /* RecipePresenter.swift in Sources */ = {isa = PBXBuildFile; fileRef = 56C401AB29E74FBF00D3FE88 /* RecipePresenter.swift */; };
		56C401B129E74FBF00D3FE88 /* RecipeRouter.swift in Sources */ = {isa = PBXBuildFile; fileRef = 56C401AC29E74FBF00D3FE88 /* RecipeRouter.swift */; };
		56C401B229E74FBF00D3FE88 /* RecipeViewController.swift in Sources */ = {isa = PBXBuildFile; fileRef = 56C401AD29E74FBF00D3FE88 /* RecipeViewController.swift */; };
		56C401B329E74FBF00D3FE88 /* Recipe.storyboard in Resources */ = {isa = PBXBuildFile; fileRef = 56C401AE29E74FBF00D3FE88 /* Recipe.storyboard */; };
		56C401B429E74FBF00D3FE88 /* RecipeManager.swift in Sources */ = {isa = PBXBuildFile; fileRef = 56C401AF29E74FBF00D3FE88 /* RecipeManager.swift */; };
		56E590C929E5F59D00A3EC0E /* Extension.swift in Sources */ = {isa = PBXBuildFile; fileRef = 56E590C829E5F59D00A3EC0E /* Extension.swift */; };
		56E590CA29E5F59D00A3EC0E /* UtilFacade.swift in Sources */ = {isa = PBXBuildFile; fileRef = 56E590C729E5F59D00A3EC0E /* UtilFacade.swift */; };
		56E590CB29E5F59D00A3EC0E /* Constants.swift in Sources */ = {isa = PBXBuildFile; fileRef = 56E590C629E5F59D00A3EC0E /* Constants.swift */; };
		56E590D529E5F5E200A3EC0E /* Home.storyboard in Resources */ = {isa = PBXBuildFile; fileRef = 56E590CD29E5F5E200A3EC0E /* Home.storyboard */; };
		56E590D629E5F5E200A3EC0E /* HomeViewController.swift in Sources */ = {isa = PBXBuildFile; fileRef = 56E590CE29E5F5E200A3EC0E /* HomeViewController.swift */; };
		56E590D729E5F5E200A3EC0E /* HomeRouter.swift in Sources */ = {isa = PBXBuildFile; fileRef = 56E590CF29E5F5E200A3EC0E /* HomeRouter.swift */; };
		56E590DA29E5F5E200A3EC0E /* HomePresenter.swift in Sources */ = {isa = PBXBuildFile; fileRef = 56E590D329E5F5E200A3EC0E /* HomePresenter.swift */; };
		56E590DB29E5F5E200A3EC0E /* HomeManager.swift in Sources */ = {isa = PBXBuildFile; fileRef = 56E590D429E5F5E200A3EC0E /* HomeManager.swift */; };
		56E590DE29E5FBD700A3EC0E /* OpenAISwift in Frameworks */ = {isa = PBXBuildFile; productRef = 56E590DD29E5FBD700A3EC0E /* OpenAISwift */; };
/* End PBXBuildFile section */

/* Begin PBXFileReference section */
		5667C1C829E5F02C00A56B27 /* RecipesByAI.app */ = {isa = PBXFileReference; explicitFileType = wrapper.application; includeInIndex = 0; path = RecipesByAI.app; sourceTree = BUILT_PRODUCTS_DIR; };
		5667C1CB29E5F02C00A56B27 /* AppDelegate.swift */ = {isa = PBXFileReference; lastKnownFileType = sourcecode.swift; path = AppDelegate.swift; sourceTree = "<group>"; };
		5667C1CD29E5F02C00A56B27 /* SceneDelegate.swift */ = {isa = PBXFileReference; lastKnownFileType = sourcecode.swift; path = SceneDelegate.swift; sourceTree = "<group>"; };
		5667C1D429E5F02E00A56B27 /* Assets.xcassets */ = {isa = PBXFileReference; lastKnownFileType = folder.assetcatalog; path = Assets.xcassets; sourceTree = "<group>"; };
		5667C1D729E5F02E00A56B27 /* Base */ = {isa = PBXFileReference; lastKnownFileType = file.storyboard; name = Base; path = Base.lproj/LaunchScreen.storyboard; sourceTree = "<group>"; };
		5667C1D929E5F02E00A56B27 /* Info.plist */ = {isa = PBXFileReference; lastKnownFileType = text.plist.xml; path = Info.plist; sourceTree = "<group>"; };
		5682447729EB7F5B007778EE /* Billabong.ttf */ = {isa = PBXFileReference; lastKnownFileType = file; path = Billabong.ttf; sourceTree = "<group>"; };
		56A3816329ECFD0D00691A79 /* 94436-cooking-animation.json */ = {isa = PBXFileReference; fileEncoding = 4; lastKnownFileType = text.json; name = "94436-cooking-animation.json"; path = "../../../../../../Downloads/94436-cooking-animation.json"; sourceTree = "<group>"; };
		56A3816529ECFEB900691A79 /* 14970-splash-screen-coocking-app.json */ = {isa = PBXFileReference; fileEncoding = 4; lastKnownFileType = text.json; name = "14970-splash-screen-coocking-app.json"; path = "../../../../../../Downloads/14970-splash-screen-coocking-app.json"; sourceTree = "<group>"; };
		56A3816729ED011400691A79 /* 120972-chef.json */ = {isa = PBXFileReference; fileEncoding = 4; lastKnownFileType = text.json; name = "120972-chef.json"; path = "../../../../../../Downloads/120972-chef.json"; sourceTree = "<group>"; };
		56A3816929ED011B00691A79 /* 14972-scoll-loading.json */ = {isa = PBXFileReference; fileEncoding = 4; lastKnownFileType = text.json; name = "14972-scoll-loading.json"; path = "../../../../../../Downloads/14972-scoll-loading.json"; sourceTree = "<group>"; };
		56C401AB29E74FBF00D3FE88 /* RecipePresenter.swift */ = {isa = PBXFileReference; fileEncoding = 4; lastKnownFileType = sourcecode.swift; path = RecipePresenter.swift; sourceTree = "<group>"; };
		56C401AC29E74FBF00D3FE88 /* RecipeRouter.swift */ = {isa = PBXFileReference; fileEncoding = 4; lastKnownFileType = sourcecode.swift; path = RecipeRouter.swift; sourceTree = "<group>"; };
		56C401AD29E74FBF00D3FE88 /* RecipeViewController.swift */ = {isa = PBXFileReference; fileEncoding = 4; lastKnownFileType = sourcecode.swift; path = RecipeViewController.swift; sourceTree = "<group>"; };
		56C401AE29E74FBF00D3FE88 /* Recipe.storyboard */ = {isa = PBXFileReference; fileEncoding = 4; lastKnownFileType = file.storyboard; path = Recipe.storyboard; sourceTree = "<group>"; };
		56C401AF29E74FBF00D3FE88 /* RecipeManager.swift */ = {isa = PBXFileReference; fileEncoding = 4; lastKnownFileType = sourcecode.swift; path = RecipeManager.swift; sourceTree = "<group>"; };
		56E590C629E5F59D00A3EC0E /* Constants.swift */ = {isa = PBXFileReference; lastKnownFileType = sourcecode.swift; path = Constants.swift; sourceTree = "<group>"; };
		56E590C729E5F59D00A3EC0E /* UtilFacade.swift */ = {isa = PBXFileReference; lastKnownFileType = sourcecode.swift; path = UtilFacade.swift; sourceTree = "<group>"; };
		56E590C829E5F59D00A3EC0E /* Extension.swift */ = {isa = PBXFileReference; lastKnownFileType = sourcecode.swift; path = Extension.swift; sourceTree = "<group>"; };
		56E590CD29E5F5E200A3EC0E /* Home.storyboard */ = {isa = PBXFileReference; fileEncoding = 4; lastKnownFileType = file.storyboard; path = Home.storyboard; sourceTree = "<group>"; };
		56E590CE29E5F5E200A3EC0E /* HomeViewController.swift */ = {isa = PBXFileReference; fileEncoding = 4; lastKnownFileType = sourcecode.swift; path = HomeViewController.swift; sourceTree = "<group>"; };
		56E590CF29E5F5E200A3EC0E /* HomeRouter.swift */ = {isa = PBXFileReference; fileEncoding = 4; lastKnownFileType = sourcecode.swift; path = HomeRouter.swift; sourceTree = "<group>"; };
		56E590D329E5F5E200A3EC0E /* HomePresenter.swift */ = {isa = PBXFileReference; fileEncoding = 4; lastKnownFileType = sourcecode.swift; path = HomePresenter.swift; sourceTree = "<group>"; };
		56E590D429E5F5E200A3EC0E /* HomeManager.swift */ = {isa = PBXFileReference; fileEncoding = 4; lastKnownFileType = sourcecode.swift; path = HomeManager.swift; sourceTree = "<group>"; };
/* End PBXFileReference section */

/* Begin PBXFrameworksBuildPhase section */
		5667C1C529E5F02C00A56B27 /* Frameworks */ = {
			isa = PBXFrameworksBuildPhase;
			buildActionMask = 2147483647;
			files = (
				56E590DE29E5FBD700A3EC0E /* OpenAISwift in Frameworks */,
				5655F3F029EC6CE300BF1B1F /* Lottie in Frameworks */,
			);
			runOnlyForDeploymentPostprocessing = 0;
		};
/* End PBXFrameworksBuildPhase section */

/* Begin PBXGroup section */
		5667C1BF29E5F02C00A56B27 = {
			isa = PBXGroup;
			children = (
				5667C1CA29E5F02C00A56B27 /* RecipesByAI */,
				5667C1C929E5F02C00A56B27 /* Products */,
			);
			sourceTree = "<group>";
		};
		5667C1C929E5F02C00A56B27 /* Products */ = {
			isa = PBXGroup;
			children = (
				5667C1C829E5F02C00A56B27 /* RecipesByAI.app */,
			);
			name = Products;
			sourceTree = "<group>";
		};
		5667C1CA29E5F02C00A56B27 /* RecipesByAI */ = {
			isa = PBXGroup;
			children = (
				56A3816229ECFCE100691A79 /* Animation Lottie */,
				5682447629EB7F5B007778EE /* Fonts */,
				56E590C529E5F59D00A3EC0E /* Util */,
				56E590AD29E5F39A00A3EC0E /* Modules */,
				5667C1CB29E5F02C00A56B27 /* AppDelegate.swift */,
				5667C1CD29E5F02C00A56B27 /* SceneDelegate.swift */,
				5667C1D429E5F02E00A56B27 /* Assets.xcassets */,
				5667C1D629E5F02E00A56B27 /* LaunchScreen.storyboard */,
				5667C1D929E5F02E00A56B27 /* Info.plist */,
			);
			path = RecipesByAI;
			sourceTree = "<group>";
		};
		5682447629EB7F5B007778EE /* Fonts */ = {
			isa = PBXGroup;
			children = (
				5682447729EB7F5B007778EE /* Billabong.ttf */,
			);
			path = Fonts;
			sourceTree = "<group>";
		};
		56A3816229ECFCE100691A79 /* Animation Lottie */ = {
			isa = PBXGroup;
			children = (
				56A3816529ECFEB900691A79 /* 14970-splash-screen-coocking-app.json */,
				56A3816329ECFD0D00691A79 /* 94436-cooking-animation.json */,
				56A3816929ED011B00691A79 /* 14972-scoll-loading.json */,
				56A3816729ED011400691A79 /* 120972-chef.json */,
			);
			path = "Animation Lottie";
			sourceTree = "<group>";
		};
		56C401AA29E74FBF00D3FE88 /* Recipe */ = {
			isa = PBXGroup;
			children = (
				56C401AE29E74FBF00D3FE88 /* Recipe.storyboard */,
				56C401AD29E74FBF00D3FE88 /* RecipeViewController.swift */,
				56C401AB29E74FBF00D3FE88 /* RecipePresenter.swift */,
				56C401AF29E74FBF00D3FE88 /* RecipeManager.swift */,
				56C401AC29E74FBF00D3FE88 /* RecipeRouter.swift */,
			);
			path = Recipe;
			sourceTree = "<group>";
		};
		56E590AD29E5F39A00A3EC0E /* Modules */ = {
			isa = PBXGroup;
			children = (
				56E590CC29E5F5E200A3EC0E /* Home */,
				56C401AA29E74FBF00D3FE88 /* Recipe */,
			);
			path = Modules;
			sourceTree = "<group>";
		};
		56E590C529E5F59D00A3EC0E /* Util */ = {
			isa = PBXGroup;
			children = (
				56E590C629E5F59D00A3EC0E /* Constants.swift */,
				56E590C829E5F59D00A3EC0E /* Extension.swift */,
				56E590C729E5F59D00A3EC0E /* UtilFacade.swift */,
			);
			path = Util;
			sourceTree = "<group>";
		};
		56E590CC29E5F5E200A3EC0E /* Home */ = {
			isa = PBXGroup;
			children = (
				56E590CD29E5F5E200A3EC0E /* Home.storyboard */,
				56E590CE29E5F5E200A3EC0E /* HomeViewController.swift */,
				56E590D329E5F5E200A3EC0E /* HomePresenter.swift */,
				56E590D429E5F5E200A3EC0E /* HomeManager.swift */,
				56E590CF29E5F5E200A3EC0E /* HomeRouter.swift */,
			);
			path = Home;
			sourceTree = "<group>";
		};
/* End PBXGroup section */

/* Begin PBXNativeTarget section */
		5667C1C729E5F02C00A56B27 /* RecipesByAI */ = {
			isa = PBXNativeTarget;
			buildConfigurationList = 5667C1DC29E5F02E00A56B27 /* Build configuration list for PBXNativeTarget "RecipesByAI" */;
			buildPhases = (
				5667C1C429E5F02C00A56B27 /* Sources */,
				5667C1C529E5F02C00A56B27 /* Frameworks */,
				5667C1C629E5F02C00A56B27 /* Resources */,
			);
			buildRules = (
			);
			dependencies = (
			);
			name = RecipesByAI;
			packageProductDependencies = (
				56E590DD29E5FBD700A3EC0E /* OpenAISwift */,
				5655F3EF29EC6CE300BF1B1F /* Lottie */,
			);
			productName = RecipesByAI;
			productReference = 5667C1C829E5F02C00A56B27 /* RecipesByAI.app */;
			productType = "com.apple.product-type.application";
		};
/* End PBXNativeTarget section */

/* Begin PBXProject section */
		5667C1C029E5F02C00A56B27 /* Project object */ = {
			isa = PBXProject;
			attributes = {
				BuildIndependentTargetsInParallel = 1;
				LastSwiftUpdateCheck = 1420;
				LastUpgradeCheck = 1420;
				TargetAttributes = {
					5667C1C729E5F02C00A56B27 = {
						CreatedOnToolsVersion = 14.2;
					};
				};
			};
			buildConfigurationList = 5667C1C329E5F02C00A56B27 /* Build configuration list for PBXProject "RecipesByAI" */;
			compatibilityVersion = "Xcode 14.0";
			developmentRegion = en;
			hasScannedForEncodings = 0;
			knownRegions = (
				en,
				Base,
			);
			mainGroup = 5667C1BF29E5F02C00A56B27;
			packageReferences = (
				56E590DC29E5FBD700A3EC0E /* XCRemoteSwiftPackageReference "OpenAISwift" */,
				5655F3EE29EC6CE300BF1B1F /* XCRemoteSwiftPackageReference "lottie-spm" */,
			);
			productRefGroup = 5667C1C929E5F02C00A56B27 /* Products */;
			projectDirPath = "";
			projectRoot = "";
			targets = (
				5667C1C729E5F02C00A56B27 /* RecipesByAI */,
			);
		};
/* End PBXProject section */

/* Begin PBXResourcesBuildPhase section */
		5667C1C629E5F02C00A56B27 /* Resources */ = {
			isa = PBXResourcesBuildPhase;
			buildActionMask = 2147483647;
			files = (
				56A3816829ED011400691A79 /* 120972-chef.json in Resources */,
				56E590D529E5F5E200A3EC0E /* Home.storyboard in Resources */,
				5667C1D829E5F02E00A56B27 /* LaunchScreen.storyboard in Resources */,
				56A3816429ECFD0D00691A79 /* 94436-cooking-animation.json in Resources */,
				56A3816629ECFEB900691A79 /* 14970-splash-screen-coocking-app.json in Resources */,
				5667C1D529E5F02E00A56B27 /* Assets.xcassets in Resources */,
				5682447829EB7F5B007778EE /* Billabong.ttf in Resources */,
				56A3816A29ED011B00691A79 /* 14972-scoll-loading.json in Resources */,
				56C401B329E74FBF00D3FE88 /* Recipe.storyboard in Resources */,
			);
			runOnlyForDeploymentPostprocessing = 0;
		};
/* End PBXResourcesBuildPhase section */

/* Begin PBXSourcesBuildPhase section */
		5667C1C429E5F02C00A56B27 /* Sources */ = {
			isa = PBXSourcesBuildPhase;
			buildActionMask = 2147483647;
			files = (
				56C401B429E74FBF00D3FE88 /* RecipeManager.swift in Sources */,
				56C401B029E74FBF00D3FE88 /* RecipePresenter.swift in Sources */,
				5667C1CC29E5F02C00A56B27 /* AppDelegate.swift in Sources */,
				56C401B229E74FBF00D3FE88 /* RecipeViewController.swift in Sources */,
				56E590C929E5F59D00A3EC0E /* Extension.swift in Sources */,
				56E590D729E5F5E200A3EC0E /* HomeRouter.swift in Sources */,
				56E590CB29E5F59D00A3EC0E /* Constants.swift in Sources */,
				5667C1CE29E5F02C00A56B27 /* SceneDelegate.swift in Sources */,
				56E590DB29E5F5E200A3EC0E /* HomeManager.swift in Sources */,
				56E590DA29E5F5E200A3EC0E /* HomePresenter.swift in Sources */,
				56E590CA29E5F59D00A3EC0E /* UtilFacade.swift in Sources */,
				56E590D629E5F5E200A3EC0E /* HomeViewController.swift in Sources */,
				56C401B129E74FBF00D3FE88 /* RecipeRouter.swift in Sources */,
			);
			runOnlyForDeploymentPostprocessing = 0;
		};
/* End PBXSourcesBuildPhase section */

/* Begin PBXVariantGroup section */
		5667C1D629E5F02E00A56B27 /* LaunchScreen.storyboard */ = {
			isa = PBXVariantGroup;
			children = (
				5667C1D729E5F02E00A56B27 /* Base */,
			);
			name = LaunchScreen.storyboard;
			sourceTree = "<group>";
		};
/* End PBXVariantGroup section */

/* Begin XCBuildConfiguration section */
		5667C1DA29E5F02E00A56B27 /* Debug */ = {
			isa = XCBuildConfiguration;
			buildSettings = {
				ALWAYS_SEARCH_USER_PATHS = NO;
				CLANG_ANALYZER_NONNULL = YES;
				CLANG_ANALYZER_NUMBER_OBJECT_CONVERSION = YES_AGGRESSIVE;
				CLANG_CXX_LANGUAGE_STANDARD = "gnu++20";
				CLANG_ENABLE_MODULES = YES;
				CLANG_ENABLE_OBJC_ARC = YES;
				CLANG_ENABLE_OBJC_WEAK = YES;
				CLANG_WARN_BLOCK_CAPTURE_AUTORELEASING = YES;
				CLANG_WARN_BOOL_CONVERSION = YES;
				CLANG_WARN_COMMA = YES;
				CLANG_WARN_CONSTANT_CONVERSION = YES;
				CLANG_WARN_DEPRECATED_OBJC_IMPLEMENTATIONS = YES;
				CLANG_WARN_DIRECT_OBJC_ISA_USAGE = YES_ERROR;
				CLANG_WARN_DOCUMENTATION_COMMENTS = YES;
				CLANG_WARN_EMPTY_BODY = YES;
				CLANG_WARN_ENUM_CONVERSION = YES;
				CLANG_WARN_INFINITE_RECURSION = YES;
				CLANG_WARN_INT_CONVERSION = YES;
				CLANG_WARN_NON_LITERAL_NULL_CONVERSION = YES;
				CLANG_WARN_OBJC_IMPLICIT_RETAIN_SELF = YES;
				CLANG_WARN_OBJC_LITERAL_CONVERSION = YES;
				CLANG_WARN_OBJC_ROOT_CLASS = YES_ERROR;
				CLANG_WARN_QUOTED_INCLUDE_IN_FRAMEWORK_HEADER = YES;
				CLANG_WARN_RANGE_LOOP_ANALYSIS = YES;
				CLANG_WARN_STRICT_PROTOTYPES = YES;
				CLANG_WARN_SUSPICIOUS_MOVE = YES;
				CLANG_WARN_UNGUARDED_AVAILABILITY = YES_AGGRESSIVE;
				CLANG_WARN_UNREACHABLE_CODE = YES;
				CLANG_WARN__DUPLICATE_METHOD_MATCH = YES;
				COPY_PHASE_STRIP = NO;
				DEBUG_INFORMATION_FORMAT = dwarf;
				ENABLE_STRICT_OBJC_MSGSEND = YES;
				ENABLE_TESTABILITY = YES;
				GCC_C_LANGUAGE_STANDARD = gnu11;
				GCC_DYNAMIC_NO_PIC = NO;
				GCC_NO_COMMON_BLOCKS = YES;
				GCC_OPTIMIZATION_LEVEL = 0;
				GCC_PREPROCESSOR_DEFINITIONS = (
					"DEBUG=1",
					"$(inherited)",
				);
				GCC_WARN_64_TO_32_BIT_CONVERSION = YES;
				GCC_WARN_ABOUT_RETURN_TYPE = YES_ERROR;
				GCC_WARN_UNDECLARED_SELECTOR = YES;
				GCC_WARN_UNINITIALIZED_AUTOS = YES_AGGRESSIVE;
				GCC_WARN_UNUSED_FUNCTION = YES;
				GCC_WARN_UNUSED_VARIABLE = YES;
				IPHONEOS_DEPLOYMENT_TARGET = 16.2;
				MTL_ENABLE_DEBUG_INFO = INCLUDE_SOURCE;
				MTL_FAST_MATH = YES;
				ONLY_ACTIVE_ARCH = YES;
				SDKROOT = iphoneos;
				SWIFT_ACTIVE_COMPILATION_CONDITIONS = DEBUG;
				SWIFT_OPTIMIZATION_LEVEL = "-Onone";
			};
			name = Debug;
		};
		5667C1DB29E5F02E00A56B27 /* Release */ = {
			isa = XCBuildConfiguration;
			buildSettings = {
				ALWAYS_SEARCH_USER_PATHS = NO;
				CLANG_ANALYZER_NONNULL = YES;
				CLANG_ANALYZER_NUMBER_OBJECT_CONVERSION = YES_AGGRESSIVE;
				CLANG_CXX_LANGUAGE_STANDARD = "gnu++20";
				CLANG_ENABLE_MODULES = YES;
				CLANG_ENABLE_OBJC_ARC = YES;
				CLANG_ENABLE_OBJC_WEAK = YES;
				CLANG_WARN_BLOCK_CAPTURE_AUTORELEASING = YES;
				CLANG_WARN_BOOL_CONVERSION = YES;
				CLANG_WARN_COMMA = YES;
				CLANG_WARN_CONSTANT_CONVERSION = YES;
				CLANG_WARN_DEPRECATED_OBJC_IMPLEMENTATIONS = YES;
				CLANG_WARN_DIRECT_OBJC_ISA_USAGE = YES_ERROR;
				CLANG_WARN_DOCUMENTATION_COMMENTS = YES;
				CLANG_WARN_EMPTY_BODY = YES;
				CLANG_WARN_ENUM_CONVERSION = YES;
				CLANG_WARN_INFINITE_RECURSION = YES;
				CLANG_WARN_INT_CONVERSION = YES;
				CLANG_WARN_NON_LITERAL_NULL_CONVERSION = YES;
				CLANG_WARN_OBJC_IMPLICIT_RETAIN_SELF = YES;
				CLANG_WARN_OBJC_LITERAL_CONVERSION = YES;
				CLANG_WARN_OBJC_ROOT_CLASS = YES_ERROR;
				CLANG_WARN_QUOTED_INCLUDE_IN_FRAMEWORK_HEADER = YES;
				CLANG_WARN_RANGE_LOOP_ANALYSIS = YES;
				CLANG_WARN_STRICT_PROTOTYPES = YES;
				CLANG_WARN_SUSPICIOUS_MOVE = YES;
				CLANG_WARN_UNGUARDED_AVAILABILITY = YES_AGGRESSIVE;
				CLANG_WARN_UNREACHABLE_CODE = YES;
				CLANG_WARN__DUPLICATE_METHOD_MATCH = YES;
				COPY_PHASE_STRIP = NO;
				DEBUG_INFORMATION_FORMAT = "dwarf-with-dsym";
				ENABLE_NS_ASSERTIONS = NO;
				ENABLE_STRICT_OBJC_MSGSEND = YES;
				GCC_C_LANGUAGE_STANDARD = gnu11;
				GCC_NO_COMMON_BLOCKS = YES;
				GCC_WARN_64_TO_32_BIT_CONVERSION = YES;
				GCC_WARN_ABOUT_RETURN_TYPE = YES_ERROR;
				GCC_WARN_UNDECLARED_SELECTOR = YES;
				GCC_WARN_UNINITIALIZED_AUTOS = YES_AGGRESSIVE;
				GCC_WARN_UNUSED_FUNCTION = YES;
				GCC_WARN_UNUSED_VARIABLE = YES;
				IPHONEOS_DEPLOYMENT_TARGET = 16.2;
				MTL_ENABLE_DEBUG_INFO = NO;
				MTL_FAST_MATH = YES;
				SDKROOT = iphoneos;
				SWIFT_COMPILATION_MODE = wholemodule;
				SWIFT_OPTIMIZATION_LEVEL = "-O";
				VALIDATE_PRODUCT = YES;
			};
			name = Release;
		};
		5667C1DD29E5F02E00A56B27 /* Debug */ = {
			isa = XCBuildConfiguration;
			buildSettings = {
				ASSETCATALOG_COMPILER_APPICON_NAME = AppIcon;
				ASSETCATALOG_COMPILER_GLOBAL_ACCENT_COLOR_NAME = AccentColor;
				CODE_SIGN_STYLE = Automatic;
				CURRENT_PROJECT_VERSION = 1;
				DEVELOPMENT_TEAM = PZ37P64H52;
				GENERATE_INFOPLIST_FILE = YES;
				INFOPLIST_FILE = RecipesByAI/Info.plist;
				INFOPLIST_KEY_UIApplicationSupportsIndirectInputEvents = YES;
				INFOPLIST_KEY_UILaunchStoryboardName = LaunchScreen;
				INFOPLIST_KEY_UISupportedInterfaceOrientations = UIInterfaceOrientationPortrait;
				INFOPLIST_KEY_UISupportedInterfaceOrientations_iPad = "UIInterfaceOrientationPortrait UIInterfaceOrientationPortraitUpsideDown";
				LD_RUNPATH_SEARCH_PATHS = (
					"$(inherited)",
					"@executable_path/Frameworks",
				);
				MARKETING_VERSION = 1.0;
				PRODUCT_BUNDLE_IDENTIFIER = br.com.glaubergustavo.RecipesByAI;
				PRODUCT_NAME = "$(TARGET_NAME)";
				SWIFT_EMIT_LOC_STRINGS = YES;
				SWIFT_VERSION = 5.0;
				TARGETED_DEVICE_FAMILY = "1,2";
			};
			name = Debug;
		};
		5667C1DE29E5F02E00A56B27 /* Release */ = {
			isa = XCBuildConfiguration;
			buildSettings = {
				ASSETCATALOG_COMPILER_APPICON_NAME = AppIcon;
				ASSETCATALOG_COMPILER_GLOBAL_ACCENT_COLOR_NAME = AccentColor;
				CODE_SIGN_STYLE = Automatic;
				CURRENT_PROJECT_VERSION = 1;
				DEVELOPMENT_TEAM = PZ37P64H52;
				GENERATE_INFOPLIST_FILE = YES;
				INFOPLIST_FILE = RecipesByAI/Info.plist;
				INFOPLIST_KEY_UIApplicationSupportsIndirectInputEvents = YES;
				INFOPLIST_KEY_UILaunchStoryboardName = LaunchScreen;
				INFOPLIST_KEY_UISupportedInterfaceOrientations = UIInterfaceOrientationPortrait;
				INFOPLIST_KEY_UISupportedInterfaceOrientations_iPad = "UIInterfaceOrientationPortrait UIInterfaceOrientationPortraitUpsideDown";
				LD_RUNPATH_SEARCH_PATHS = (
					"$(inherited)",
					"@executable_path/Frameworks",
				);
				MARKETING_VERSION = 1.0;
				PRODUCT_BUNDLE_IDENTIFIER = br.com.glaubergustavo.RecipesByAI;
				PRODUCT_NAME = "$(TARGET_NAME)";
				SWIFT_EMIT_LOC_STRINGS = YES;
				SWIFT_VERSION = 5.0;
				TARGETED_DEVICE_FAMILY = "1,2";
			};
			name = Release;
		};
/* End XCBuildConfiguration section */

/* Begin XCConfigurationList section */
		5667C1C329E5F02C00A56B27 /* Build configuration list for PBXProject "RecipesByAI" */ = {
			isa = XCConfigurationList;
			buildConfigurations = (
				5667C1DA29E5F02E00A56B27 /* Debug */,
				5667C1DB29E5F02E00A56B27 /* Release */,
			);
			defaultConfigurationIsVisible = 0;
			defaultConfigurationName = Release;
		};
		5667C1DC29E5F02E00A56B27 /* Build configuration list for PBXNativeTarget "RecipesByAI" */ = {
			isa = XCConfigurationList;
			buildConfigurations = (
				5667C1DD29E5F02E00A56B27 /* Debug */,
				5667C1DE29E5F02E00A56B27 /* Release */,
			);
			defaultConfigurationIsVisible = 0;
			defaultConfigurationName = Release;
		};
/* End XCConfigurationList section */

/* Begin XCRemoteSwiftPackageReference section */
		5655F3EE29EC6CE300BF1B1F /* XCRemoteSwiftPackageReference "lottie-spm" */ = {
			isa = XCRemoteSwiftPackageReference;
			repositoryURL = "https://github.com/airbnb/lottie-spm.git";
			requirement = {
				kind = upToNextMajorVersion;
				minimumVersion = 4.1.3;
			};
		};
		56E590DC29E5FBD700A3EC0E /* XCRemoteSwiftPackageReference "OpenAISwift" */ = {
			isa = XCRemoteSwiftPackageReference;
			repositoryURL = "https://github.com/adamrushy/OpenAISwift.git";
			requirement = {
				kind = upToNextMajorVersion;
				minimumVersion = 1.2.0;
			};
		};
/* End XCRemoteSwiftPackageReference section */

/* Begin XCSwiftPackageProductDependency section */
		5655F3EF29EC6CE300BF1B1F /* Lottie */ = {
			isa = XCSwiftPackageProductDependency;
			package = 5655F3EE29EC6CE300BF1B1F /* XCRemoteSwiftPackageReference "lottie-spm" */;
			productName = Lottie;
		};
		56E590DD29E5FBD700A3EC0E /* OpenAISwift */ = {
			isa = XCSwiftPackageProductDependency;
			package = 56E590DC29E5FBD700A3EC0E /* XCRemoteSwiftPackageReference "OpenAISwift" */;
			productName = OpenAISwift;
		};
/* End XCSwiftPackageProductDependency section */
	};
	rootObject = 5667C1C029E5F02C00A56B27 /* Project object */;
}
